
Microsoft Visual Studio Solution File, Format Version 12.00
# Visual Studio Version 17
VisualStudioVersion = 17.4.33122.133
MinimumVisualStudioVersion = 10.0.40219.1
Project("{FAE04EC0-301F-11D3-BF4B-00C04F79EFBC}") = "CadJogosWF", "CadJogosWF\CadJogosWF.csproj", "{878C6785-06F1-4CE3-8568-1F7F0EC813C0}"
EndProject
Global
	GlobalSection(SolutionConfigurationPlatforms) = preSolution
		Debug|Any CPU = Debug|Any CPU
		Release|Any CPU = Release|Any CPU
	EndGlobalSection
	GlobalSection(ProjectConfigurationPlatforms) = postSolution
		{878C6785-06F1-4CE3-8568-1F7F0EC813C0}.Debug|Any CPU.ActiveCfg = Debug|Any CPU
		{878C6785-06F1-4CE3-8568-1F7F0EC813C0}.Debug|Any CPU.Build.0 = Debug|Any CPU
		{878C6785-06F1-4CE3-8568-1F7F0EC813C0}.Release|Any CPU.ActiveCfg = Release|Any CPU
		{878C6785-06F1-4CE3-8568-1F7F0EC813C0}.Release|Any CPU.Build.0 = Release|Any CPU
	EndGlobalSection
	GlobalSection(SolutionProperties) = preSolution
		HideSolutionNode = FALSE
	EndGlobalSection
	GlobalSection(ExtensibilityGlobals) = postSolution
		SolutionGuid = {86CCBEF9-EDAB-4D33-B8B5-6153C5FC52D6}
	EndGlobalSection
EndGlobal
